Microsoft Visual Studio Solution File, Format Version 11.00
# Visual Studio 2008

Project("{A8EB0AF8-84A9-C4BA-7D39-E920D0EEE470}") = "Grifball", "Assembly-CSharp-firstpass.csproj", "{2B5D9166-0C5C-0BFA-EBC5-8FDB6D849DCF}"
EndProject
Project("{A8EB0AF8-84A9-C4BA-7D39-E920D0EEE470}") = "Grifball", "Assembly-UnityScript-firstpass.unityproj", "{B1647219-E662-E4AF-152C-16EDA103C52C}"
EndProject
Project("{A8EB0AF8-84A9-C4BA-7D39-E920D0EEE470}") = "Grifball", "Assembly-UnityScript.unityproj", "{DD1B2ECA-D9CA-1053-9D11-3A289CA135CF}"
EndProject
Global
	GlobalSection(SolutionConfigurationPlatforms) = preSolution
		Debug|Any CPU = Debug|Any CPU
		Release|Any CPU = Release|Any CPU
	EndGlobalSection
	GlobalSection(ProjectConfigurationPlatforms) = postSolution
		{2B5D9166-0C5C-0BFA-EBC5-8FDB6D849DCF}.Debug|Any CPU.ActiveCfg = Debug|Any CPU
		{2B5D9166-0C5C-0BFA-EBC5-8FDB6D849DCF}.Debug|Any CPU.Build.0 = Debug|Any CPU
		{2B5D9166-0C5C-0BFA-EBC5-8FDB6D849DCF}.Release|Any CPU.ActiveCfg = Release|Any CPU
		{2B5D9166-0C5C-0BFA-EBC5-8FDB6D849DCF}.Release|Any CPU.Build.0 = Release|Any CPU
		{B1647219-E662-E4AF-152C-16EDA103C52C}.Debug|Any CPU.ActiveCfg = Debug|Any CPU
		{B1647219-E662-E4AF-152C-16EDA103C52C}.Debug|Any CPU.Build.0 = Debug|Any CPU
		{B1647219-E662-E4AF-152C-16EDA103C52C}.Release|Any CPU.ActiveCfg = Release|Any CPU
		{B1647219-E662-E4AF-152C-16EDA103C52C}.Release|Any CPU.Build.0 = Release|Any CPU
		{DD1B2ECA-D9CA-1053-9D11-3A289CA135CF}.Debug|Any CPU.ActiveCfg = Debug|Any CPU
		{DD1B2ECA-D9CA-1053-9D11-3A289CA135CF}.Debug|Any CPU.Build.0 = Debug|Any CPU
		{DD1B2ECA-D9CA-1053-9D11-3A289CA135CF}.Release|Any CPU.ActiveCfg = Release|Any CPU
		{DD1B2ECA-D9CA-1053-9D11-3A289CA135CF}.Release|Any CPU.Build.0 = Release|Any CPU
	EndGlobalSection
	GlobalSection(SolutionProperties) = preSolution
		HideSolutionNode = FALSE
	EndGlobalSection
																																																				GlobalSection(MonoDevelopProperties) = preSolution
		StartupItem = Assembly-CSharp.csproj
		Policies = $0
		$0.TextStylePolicy = $1
		$1.inheritsSet = null
		$1.scope = text/x-csharp
		$0.CSharpFormattingPolicy = $2
		$2.inheritsSet = Mono
		$2.inheritsScope = text/x-csharp
		$2.scope = text/x-csharp
		$0.TextStylePolicy = $3
		$3.FileWidth = 120
		$3.TabWidth = 4
		$3.EolMarker = Unix
		$3.inheritsSet = Mono
		$3.inheritsScope = text/plain
		$3.scope = text/plain
	EndGlobalSection

EndGlobal
